// !$*UTF8*$!
{
	archiveVersion = 1;
	classes = {
	};
	objectVersion = 46;
	objects = {

/* Begin PBXBuildFile section */
		BFBB7AFADAE4FF76898B575E /* Pods_AppleDeviceHistory.framework in Frameworks */ = {isa = PBXBuildFile; fileRef = F20AD728C9787B7A4F8DF097 /* Pods_AppleDeviceHistory.framework */; };
		E33110CF1EAC9C2B00979C34 /* Log.swift in Sources */ = {isa = PBXBuildFile; fileRef = E33110CE1EAC9C2B00979C34 /* Log.swift */; };
		E33110D11EAC9C4E00979C34 /* DeviceVersion+Ex.swift in Sources */ = {isa = PBXBuildFile; fileRef = E33110D01EAC9C4E00979C34 /* DeviceVersion+Ex.swift */; };
		E33110D31EAC9C6000979C34 /* DeviceType+Ex.swift in Sources */ = {isa = PBXBuildFile; fileRef = E33110D21EAC9C6000979C34 /* DeviceType+Ex.swift */; };
		E33110D51EAC9CB000979C34 /* AppleDevice.swift in Sources */ = {isa = PBXBuildFile; fileRef = E33110D41EAC9CB000979C34 /* AppleDevice.swift */; };
		E33110D71EAC9CCA00979C34 /* AppleDeviceAPI.swift in Sources */ = {isa = PBXBuildFile; fileRef = E33110D61EAC9CCA00979C34 /* AppleDeviceAPI.swift */; };
		E33110D91EAC9CDD00979C34 /* AppleDeviceRequest.swift in Sources */ = {isa = PBXBuildFile; fileRef = E33110D81EAC9CDD00979C34 /* AppleDeviceRequest.swift */; };
		E33110DB1EAC9D5800979C34 /* AppleDeviceList.swift in Sources */ = {isa = PBXBuildFile; fileRef = E33110DA1EAC9D5800979C34 /* AppleDeviceList.swift */; };
		E33110DF1EAC9E7300979C34 /* RxCocoa.framework in Frameworks */ = {isa = PBXBuildFile; fileRef = E33110DC1EAC9E7300979C34 /* RxCocoa.framework */; };
		E33110E01EAC9E7300979C34 /* RxDataSources.framework in Frameworks */ = {isa = PBXBuildFile; fileRef = E33110DD1EAC9E7300979C34 /* RxDataSources.framework */; };
		E33110E11EAC9E7300979C34 /* RxSwift.framework in Frameworks */ = {isa = PBXBuildFile; fileRef = E33110DE1EAC9E7300979C34 /* RxSwift.framework */; };
		E33110E51EACAC8500979C34 /* ListTableViewCell.swift in Sources */ = {isa = PBXBuildFile; fileRef = E33110E31EACAC8500979C34 /* ListTableViewCell.swift */; };
		E33110E61EACAC8500979C34 /* ListTableViewCell.xib in Resources */ = {isa = PBXBuildFile; fileRef = E33110E41EACAC8500979C34 /* ListTableViewCell.xib */; };
		E33110E91EACB00C00979C34 /* R.generated.swift in Sources */ = {isa = PBXBuildFile; fileRef = E33110E81EACB00C00979C34 /* R.generated.swift */; };
		E33110EB1EACB0D400979C34 /* LaunchScreen.storyboard in Resources */ = {isa = PBXBuildFile; fileRef = E33110EA1EACB0D400979C34 /* LaunchScreen.storyboard */; };
		E33110ED1EACB3CE00979C34 /* Kingfisher.framework in Frameworks */ = {isa = PBXBuildFile; fileRef = E33110EC1EACB3CE00979C34 /* Kingfisher.framework */; };
		E33110EF1EACD55B00979C34 /* DetailViewController.storyboard in Resources */ = {isa = PBXBuildFile; fileRef = E33110EE1EACD55B00979C34 /* DetailViewController.storyboard */; };
		E33110F11EACD56D00979C34 /* DetailViewController.swift in Sources */ = {isa = PBXBuildFile; fileRef = E33110F01EACD56D00979C34 /* DetailViewController.swift */; };
		E33110F31EACE0FC00979C34 /* NSObjectProtocol+Ex.swift in Sources */ = {isa = PBXBuildFile; fileRef = E33110F21EACE0FC00979C34 /* NSObjectProtocol+Ex.swift */; };
		E33110F51EACE10F00979C34 /* Storyboardable.swift in Sources */ = {isa = PBXBuildFile; fileRef = E33110F41EACE10F00979C34 /* Storyboardable.swift */; };
		E34FC5561EAC8F8B00D9313F /* AppDelegate.swift in Sources */ = {isa = PBXBuildFile; fileRef = E34FC5551EAC8F8B00D9313F /* AppDelegate.swift */; };
		E34FC5581EAC8F8B00D9313F /* ListViewController.swift in Sources */ = {isa = PBXBuildFile; fileRef = E34FC5571EAC8F8B00D9313F /* ListViewController.swift */; };
		E34FC55D1EAC8F8B00D9313F /* Assets.xcassets in Resources */ = {isa = PBXBuildFile; fileRef = E34FC55C1EAC8F8B00D9313F /* Assets.xcassets */; };
		E34FC56B1EAC8F8B00D9313F /* AppleDeviceHistoryTests.swift in Sources */ = {isa = PBXBuildFile; fileRef = E34FC56A1EAC8F8B00D9313F /* AppleDeviceHistoryTests.swift */; };
		E34FC5851EAC92AF00D9313F /* Settings.bundle in Resources */ = {isa = PBXBuildFile; fileRef = E34FC5841EAC92AF00D9313F /* Settings.bundle */; };
		E34FC5911EAC984100D9313F /* APIKit.framework in Frameworks */ = {isa = PBXBuildFile; fileRef = E34FC5881EAC984100D9313F /* APIKit.framework */; };
		E34FC5921EAC984100D9313F /* Device.framework in Frameworks */ = {isa = PBXBuildFile; fileRef = E34FC5891EAC984100D9313F /* Device.framework */; };
		E34FC5931EAC984100D9313F /* ObjectMapper.framework in Frameworks */ = {isa = PBXBuildFile; fileRef = E34FC58A1EAC984100D9313F /* ObjectMapper.framework */; };
		E34FC5941EAC984100D9313F /* Result.framework in Frameworks */ = {isa = PBXBuildFile; fileRef = E34FC58B1EAC984100D9313F /* Result.framework */; };
		E34FC5951EAC984100D9313F /* SnapKit.framework in Frameworks */ = {isa = PBXBuildFile; fileRef = E34FC58C1EAC984100D9313F /* SnapKit.framework */; };
		E34FC5961EAC984100D9313F /* SVProgressHUD.framework in Frameworks */ = {isa = PBXBuildFile; fileRef = E34FC58D1EAC984100D9313F /* SVProgressHUD.framework */; };
		E34FC5971EAC984100D9313F /* SwiftDate.framework in Frameworks */ = {isa = PBXBuildFile; fileRef = E34FC58E1EAC984100D9313F /* SwiftDate.framework */; };
		E34FC5981EAC984100D9313F /* SwiftyBeaver.framework in Frameworks */ = {isa = PBXBuildFile; fileRef = E34FC58F1EAC984100D9313F /* SwiftyBeaver.framework */; };
		E34FC5991EAC984100D9313F /* SwiftyUserDefaults.framework in Frameworks */ = {isa = PBXBuildFile; fileRef = E34FC5901EAC984100D9313F /* SwiftyUserDefaults.framework */; };
/* End PBXBuildFile section */

/* Begin PBXContainerItemProxy section */
		E34FC5671EAC8F8B00D9313F /* PBXContainerItemProxy */ = {
			isa = PBXContainerItemProxy;
			containerPortal = E34FC54A1EAC8F8B00D9313F /* Project object */;
			proxyType = 1;
			remoteGlobalIDString = E34FC5511EAC8F8B00D9313F;
			remoteInfo = AppleDeviceHistory;
		};
/* End PBXContainerItemProxy section */

/* Begin PBXFileReference section */
		8E5DF995BA1C65466693D70E /* Pods-AppleDeviceHistory.release.xcconfig */ = {isa = PBXFileReference; includeInIndex = 1; lastKnownFileType = text.xcconfig; name = "Pods-AppleDeviceHistory.release.xcconfig"; path = "Pods/Target Support Files/Pods-AppleDeviceHistory/Pods-AppleDeviceHistory.release.xcconfig"; sourceTree = "<group>"; };
		C94079D339B94AD10F9F502E /* Pods-AppleDeviceHistory.debug.xcconfig */ = {isa = PBXFileReference; includeInIndex = 1; lastKnownFileType = text.xcconfig; name = "Pods-AppleDeviceHistory.debug.xcconfig"; path = "Pods/Target Support Files/Pods-AppleDeviceHistory/Pods-AppleDeviceHistory.debug.xcconfig"; sourceTree = "<group>"; };
		E33110CE1EAC9C2B00979C34 /* Log.swift */ = {isa = PBXFileReference; fileEncoding = 4; lastKnownFileType = sourcecode.swift; path = Log.swift; sourceTree = "<group>"; };
		E33110D01EAC9C4E00979C34 /* DeviceVersion+Ex.swift */ = {isa = PBXFileReference; fileEncoding = 4; lastKnownFileType = sourcecode.swift; path = "DeviceVersion+Ex.swift"; sourceTree = "<group>"; };
		E33110D21EAC9C6000979C34 /* DeviceType+Ex.swift */ = {isa = PBXFileReference; fileEncoding = 4; lastKnownFileType = sourcecode.swift; path = "DeviceType+Ex.swift"; sourceTree = "<group>"; };
		E33110D41EAC9CB000979C34 /* AppleDevice.swift */ = {isa = PBXFileReference; fileEncoding = 4; lastKnownFileType = sourcecode.swift; path = AppleDevice.swift; sourceTree = "<group>"; };
		E33110D61EAC9CCA00979C34 /* AppleDeviceAPI.swift */ = {isa = PBXFileReference; fileEncoding = 4; lastKnownFileType = sourcecode.swift; path = AppleDeviceAPI.swift; sourceTree = "<group>"; };
		E33110D81EAC9CDD00979C34 /* AppleDeviceRequest.swift */ = {isa = PBXFileReference; fileEncoding = 4; lastKnownFileType = sourcecode.swift; path = AppleDeviceRequest.swift; sourceTree = "<group>"; };
		E33110DA1EAC9D5800979C34 /* AppleDeviceList.swift */ = {isa = PBXFileReference; fileEncoding = 4; lastKnownFileType = sourcecode.swift; path = AppleDeviceList.swift; sourceTree = "<group>"; };
		E33110DC1EAC9E7300979C34 /* RxCocoa.framework */ = {isa = PBXFileReference; lastKnownFileType = wrapper.framework; name = RxCocoa.framework; path = Carthage/Build/iOS/RxCocoa.framework; sourceTree = "<group>"; };
		E33110DD1EAC9E7300979C34 /* RxDataSources.framework */ = {isa = PBXFileReference; lastKnownFileType = wrapper.framework; name = RxDataSources.framework; path = Carthage/Build/iOS/RxDataSources.framework; sourceTree = "<group>"; };
		E33110DE1EAC9E7300979C34 /* RxSwift.framework */ = {isa = PBXFileReference; lastKnownFileType = wrapper.framework; name = RxSwift.framework; path = Carthage/Build/iOS/RxSwift.framework; sourceTree = "<group>"; };
		E33110E31EACAC8500979C34 /* ListTableViewCell.swift */ = {isa = PBXFileReference; fileEncoding = 4; lastKnownFileType = sourcecode.swift; path = ListTableViewCell.swift; sourceTree = "<group>"; };
		E33110E41EACAC8500979C34 /* ListTableViewCell.xib */ = {isa = PBXFileReference; fileEncoding = 4; lastKnownFileType = file.xib; path = ListTableViewCell.xib; sourceTree = "<group>"; };
		E33110E81EACB00C00979C34 /* R.generated.swift */ = {isa = PBXFileReference; fileEncoding = 4; lastKnownFileType = sourcecode.swift; path = R.generated.swift; sourceTree = "<group>"; };
		E33110EA1EACB0D400979C34 /* LaunchScreen.storyboard */ = {isa = PBXFileReference; fileEncoding = 4; lastKnownFileType = file.storyboard; path = LaunchScreen.storyboard; sourceTree = "<group>"; };
		E33110EC1EACB3CE00979C34 /* Kingfisher.framework */ = {isa = PBXFileReference; lastKnownFileType = wrapper.framework; name = Kingfisher.framework; path = Carthage/Build/iOS/Kingfisher.framework; sourceTree = "<group>"; };
		E33110EE1EACD55B00979C34 /* DetailViewController.storyboard */ = {isa = PBXFileReference; fileEncoding = 4; lastKnownFileType = file.storyboard; name = DetailViewController.storyboard; path = Carthage/Build/iOS/DetailViewController.storyboard; sourceTree = SOURCE_ROOT; };
		E33110F01EACD56D00979C34 /* DetailViewController.swift */ = {isa = PBXFileReference; fileEncoding = 4; lastKnownFileType = sourcecode.swift; name = DetailViewController.swift; path = Carthage/Build/iOS/DetailViewController.swift; sourceTree = SOURCE_ROOT; };
		E33110F21EACE0FC00979C34 /* NSObjectProtocol+Ex.swift */ = {isa = PBXFileReference; fileEncoding = 4; lastKnownFileType = sourcecode.swift; path = "NSObjectProtocol+Ex.swift"; sourceTree = "<group>"; };
		E33110F41EACE10F00979C34 /* Storyboardable.swift */ = {isa = PBXFileReference; fileEncoding = 4; lastKnownFileType = sourcecode.swift; path = Storyboardable.swift; sourceTree = "<group>"; };
		E34FC5521EAC8F8B00D9313F /* AppleDeviceHistory.app */ = {isa = PBXFileReference; explicitFileType = wrapper.application; includeInIndex = 0; path = AppleDeviceHistory.app; sourceTree = BUILT_PRODUCTS_DIR; };
		E34FC5551EAC8F8B00D9313F /* AppDelegate.swift */ = {isa = PBXFileReference; lastKnownFileType = sourcecode.swift; path = AppDelegate.swift; sourceTree = "<group>"; };
		E34FC5571EAC8F8B00D9313F /* ListViewController.swift */ = {isa = PBXFileReference; lastKnownFileType = sourcecode.swift; path = ListViewController.swift; sourceTree = "<group>"; };
		E34FC55C1EAC8F8B00D9313F /* Assets.xcassets */ = {isa = PBXFileReference; lastKnownFileType = folder.assetcatalog; path = Assets.xcassets; sourceTree = "<group>"; };
		E34FC5611EAC8F8B00D9313F /* Info.plist */ = {isa = PBXFileReference; lastKnownFileType = text.plist.xml; path = Info.plist; sourceTree = "<group>"; };
		E34FC5661EAC8F8B00D9313F /* AppleDeviceHistoryTests.xctest */ = {isa = PBXFileReference; explicitFileType = wrapper.cfbundle; includeInIndex = 0; path = AppleDeviceHistoryTests.xctest; sourceTree = BUILT_PRODUCTS_DIR; };
		E34FC56A1EAC8F8B00D9313F /* AppleDeviceHistoryTests.swift */ = {isa = PBXFileReference; lastKnownFileType = sourcecode.swift; path = AppleDeviceHistoryTests.swift; sourceTree = "<group>"; };
		E34FC56C1EAC8F8B00D9313F /* Info.plist */ = {isa = PBXFileReference; lastKnownFileType = text.plist.xml; path = Info.plist; sourceTree = "<group>"; };
		E34FC5841EAC92AF00D9313F /* Settings.bundle */ = {isa = PBXFileReference; lastKnownFileType = "wrapper.plug-in"; path = Settings.bundle; sourceTree = "<group>"; };
		E34FC5881EAC984100D9313F /* APIKit.framework */ = {isa = PBXFileReference; lastKnownFileType = wrapper.framework; name = APIKit.framework; path = Carthage/Build/iOS/APIKit.framework; sourceTree = "<group>"; };
		E34FC5891EAC984100D9313F /* Device.framework */ = {isa = PBXFileReference; lastKnownFileType = wrapper.framework; name = Device.framework; path = Carthage/Build/iOS/Device.framework; sourceTree = "<group>"; };
		E34FC58A1EAC984100D9313F /* ObjectMapper.framework */ = {isa = PBXFileReference; lastKnownFileType = wrapper.framework; name = ObjectMapper.framework; path = Carthage/Build/iOS/ObjectMapper.framework; sourceTree = "<group>"; };
		E34FC58B1EAC984100D9313F /* Result.framework */ = {isa = PBXFileReference; lastKnownFileType = wrapper.framework; name = Result.framework; path = Carthage/Build/iOS/Result.framework; sourceTree = "<group>"; };
		E34FC58C1EAC984100D9313F /* SnapKit.framework */ = {isa = PBXFileReference; lastKnownFileType = wrapper.framework; name = SnapKit.framework; path = Carthage/Build/iOS/SnapKit.framework; sourceTree = "<group>"; };
		E34FC58D1EAC984100D9313F /* SVProgressHUD.framework */ = {isa = PBXFileReference; lastKnownFileType = wrapper.framework; name = SVProgressHUD.framework; path = Carthage/Build/iOS/SVProgressHUD.framework; sourceTree = "<group>"; };
		E34FC58E1EAC984100D9313F /* SwiftDate.framework */ = {isa = PBXFileReference; lastKnownFileType = wrapper.framework; name = SwiftDate.framework; path = Carthage/Build/iOS/SwiftDate.framework; sourceTree = "<group>"; };
		E34FC58F1EAC984100D9313F /* SwiftyBeaver.framework */ = {isa = PBXFileReference; lastKnownFileType = wrapper.framework; name = SwiftyBeaver.framework; path = Carthage/Build/iOS/SwiftyBeaver.framework; sourceTree = "<group>"; };
		E34FC5901EAC984100D9313F /* SwiftyUserDefaults.framework */ = {isa = PBXFileReference; lastKnownFileType = wrapper.framework; name = SwiftyUserDefaults.framework; path = Carthage/Build/iOS/SwiftyUserDefaults.framework; sourceTree = "<group>"; };
		F20AD728C9787B7A4F8DF097 /* Pods_AppleDeviceHistory.framework */ = {isa = PBXFileReference; explicitFileType = wrapper.framework; includeInIndex = 0; path = Pods_AppleDeviceHistory.framework; sourceTree = BUILT_PRODUCTS_DIR; };
/* End PBXFileReference section */

/* Begin PBXFrameworksBuildPhase section */
		E34FC54F1EAC8F8B00D9313F /* Frameworks */ = {
			isa = PBXFrameworksBuildPhase;
			buildActionMask = 2147483647;
			files = (
				BFBB7AFADAE4FF76898B575E /* Pods_AppleDeviceHistory.framework in Frameworks */,
				E34FC5911EAC984100D9313F /* APIKit.framework in Frameworks */,
				E34FC5921EAC984100D9313F /* Device.framework in Frameworks */,
				E34FC5931EAC984100D9313F /* ObjectMapper.framework in Frameworks */,
				E33110DF1EAC9E7300979C34 /* RxCocoa.framework in Frameworks */,
				E33110E01EAC9E7300979C34 /* RxDataSources.framework in Frameworks */,
				E33110E11EAC9E7300979C34 /* RxSwift.framework in Frameworks */,
				E34FC5941EAC984100D9313F /* Result.framework in Frameworks */,
				E34FC5951EAC984100D9313F /* SnapKit.framework in Frameworks */,
				E34FC5961EAC984100D9313F /* SVProgressHUD.framework in Frameworks */,
				E34FC5971EAC984100D9313F /* SwiftDate.framework in Frameworks */,
				E34FC5981EAC984100D9313F /* SwiftyBeaver.framework in Frameworks */,
				E34FC5991EAC984100D9313F /* SwiftyUserDefaults.framework in Frameworks */,
				E33110ED1EACB3CE00979C34 /* Kingfisher.framework in Frameworks */,
			);
			runOnlyForDeploymentPostprocessing = 0;
		};
		E34FC5631EAC8F8B00D9313F /* Frameworks */ = {
			isa = PBXFrameworksBuildPhase;
			buildActionMask = 2147483647;
			files = (
			);
			runOnlyForDeploymentPostprocessing = 0;
		};
/* End PBXFrameworksBuildPhase section */

/* Begin PBXGroup section */
		75759FC14B64B99DC92C734B /* Pods */ = {
			isa = PBXGroup;
			children = (
				C94079D339B94AD10F9F502E /* Pods-AppleDeviceHistory.debug.xcconfig */,
				8E5DF995BA1C65466693D70E /* Pods-AppleDeviceHistory.release.xcconfig */,
			);
			name = Pods;
			sourceTree = "<group>";
		};
		E33110C61EAC9B4D00979C34 /* Views-ViewModels */ = {
			isa = PBXGroup;
			children = (
				E33110C91EAC9B7700979C34 /* Detail */,
				E33110C81EAC9B7200979C34 /* List */,
			);
			path = "Views-ViewModels";
			sourceTree = "<group>";
		};
		E33110C71EAC9B5B00979C34 /* Models */ = {
			isa = PBXGroup;
			children = (
				E33110CB1EAC9B9C00979C34 /* Entities */,
				E33110CA1EAC9B7D00979C34 /* Networks */,
			);
			path = Models;
			sourceTree = "<group>";
		};
		E33110C81EAC9B7200979C34 /* List */ = {
			isa = PBXGroup;
			children = (
				E33110E21EACAC4100979C34 /* Cell */,
				E34FC5571EAC8F8B00D9313F /* ListViewController.swift */,
			);
			path = List;
			sourceTree = "<group>";
		};
		E33110C91EAC9B7700979C34 /* Detail */ = {
			isa = PBXGroup;
			children = (
				E33110EE1EACD55B00979C34 /* DetailViewController.storyboard */,
				E33110F01EACD56D00979C34 /* DetailViewController.swift */,
			);
			path = Detail;
			sourceTree = "<group>";
		};
		E33110CA1EAC9B7D00979C34 /* Networks */ = {
			isa = PBXGroup;
			children = (
				E33110D61EAC9CCA00979C34 /* AppleDeviceAPI.swift */,
				E33110D81EAC9CDD00979C34 /* AppleDeviceRequest.swift */,
			);
			path = Networks;
			sourceTree = "<group>";
		};
		E33110CB1EAC9B9C00979C34 /* Entities */ = {
			isa = PBXGroup;
			children = (
				E33110D41EAC9CB000979C34 /* AppleDevice.swift */,
				E33110DA1EAC9D5800979C34 /* AppleDeviceList.swift */,
			);
			path = Entities;
			sourceTree = "<group>";
		};
		E33110CC1EAC9C0B00979C34 /* Extensions */ = {
			isa = PBXGroup;
			children = (
				E33110D21EAC9C6000979C34 /* DeviceType+Ex.swift */,
				E33110D01EAC9C4E00979C34 /* DeviceVersion+Ex.swift */,
				E33110F21EACE0FC00979C34 /* NSObjectProtocol+Ex.swift */,
				E33110F41EACE10F00979C34 /* Storyboardable.swift */,
			);
			path = Extensions;
			sourceTree = "<group>";
		};
		E33110CD1EAC9C1800979C34 /* Utils */ = {
			isa = PBXGroup;
			children = (
				E33110CE1EAC9C2B00979C34 /* Log.swift */,
			);
			path = Utils;
			sourceTree = "<group>";
		};
		E33110E21EACAC4100979C34 /* Cell */ = {
			isa = PBXGroup;
			children = (
				E33110E31EACAC8500979C34 /* ListTableViewCell.swift */,
				E33110E41EACAC8500979C34 /* ListTableViewCell.xib */,
			);
			path = Cell;
			sourceTree = "<group>";
		};
		E34FC5491EAC8F8B00D9313F = {
			isa = PBXGroup;
			children = (
				E34FC5541EAC8F8B00D9313F /* AppleDeviceHistory */,
				E34FC5691EAC8F8B00D9313F /* AppleDeviceHistoryTests */,
				F55D52DA94AD653E15D1A19F /* Frameworks */,
				75759FC14B64B99DC92C734B /* Pods */,
				E34FC5531EAC8F8B00D9313F /* Products */,
			);
			sourceTree = "<group>";
		};
		E34FC5531EAC8F8B00D9313F /* Products */ = {
			isa = PBXGroup;
			children = (
				E34FC5521EAC8F8B00D9313F /* AppleDeviceHistory.app */,
				E34FC5661EAC8F8B00D9313F /* AppleDeviceHistoryTests.xctest */,
			);
			name = Products;
			sourceTree = "<group>";
		};
		E34FC5541EAC8F8B00D9313F /* AppleDeviceHistory */ = {
			isa = PBXGroup;
			children = (
				E33110CC1EAC9C0B00979C34 /* Extensions */,
				E33110C71EAC9B5B00979C34 /* Models */,
				E34FC5831EAC904D00D9313F /* Resources */,
				E33110CD1EAC9C1800979C34 /* Utils */,
				E33110C61EAC9B4D00979C34 /* Views-ViewModels */,
				E34FC5551EAC8F8B00D9313F /* AppDelegate.swift */,
			);
			path = AppleDeviceHistory;
			sourceTree = "<group>";
		};
		E34FC5691EAC8F8B00D9313F /* AppleDeviceHistoryTests */ = {
			isa = PBXGroup;
			children = (
				E34FC56A1EAC8F8B00D9313F /* AppleDeviceHistoryTests.swift */,
				E34FC56C1EAC8F8B00D9313F /* Info.plist */,
			);
			path = AppleDeviceHistoryTests;
			sourceTree = "<group>";
		};
		E34FC5831EAC904D00D9313F /* Resources */ = {
			isa = PBXGroup;
			children = (
				E34FC55C1EAC8F8B00D9313F /* Assets.xcassets */,
				E34FC5611EAC8F8B00D9313F /* Info.plist */,
				E33110EA1EACB0D400979C34 /* LaunchScreen.storyboard */,
				E33110E81EACB00C00979C34 /* R.generated.swift */,
				E34FC5841EAC92AF00D9313F /* Settings.bundle */,
			);
			path = Resources;
			sourceTree = "<group>";
		};
		F55D52DA94AD653E15D1A19F /* Frameworks */ = {
			isa = PBXGroup;
			children = (
				E33110EC1EACB3CE00979C34 /* Kingfisher.framework */,
				E33110DC1EAC9E7300979C34 /* RxCocoa.framework */,
				E33110DD1EAC9E7300979C34 /* RxDataSources.framework */,
				E33110DE1EAC9E7300979C34 /* RxSwift.framework */,
				E34FC5881EAC984100D9313F /* APIKit.framework */,
				E34FC5891EAC984100D9313F /* Device.framework */,
				E34FC58A1EAC984100D9313F /* ObjectMapper.framework */,
				E34FC58B1EAC984100D9313F /* Result.framework */,
				E34FC58C1EAC984100D9313F /* SnapKit.framework */,
				E34FC58D1EAC984100D9313F /* SVProgressHUD.framework */,
				E34FC58E1EAC984100D9313F /* SwiftDate.framework */,
				E34FC58F1EAC984100D9313F /* SwiftyBeaver.framework */,
				E34FC5901EAC984100D9313F /* SwiftyUserDefaults.framework */,
				F20AD728C9787B7A4F8DF097 /* Pods_AppleDeviceHistory.framework */,
			);
			name = Frameworks;
			sourceTree = "<group>";
		};
/* End PBXGroup section */

/* Begin PBXNativeTarget section */
		E34FC5511EAC8F8B00D9313F /* AppleDeviceHistory */ = {
			isa = PBXNativeTarget;
			buildConfigurationList = E34FC57A1EAC8F8B00D9313F /* Build configuration list for PBXNativeTarget "AppleDeviceHistory" */;
			buildPhases = (
				4882583D5550E7AE8299E948 /* [CP] Check Pods Manifest.lock */,
				E34FC5871EAC975A00D9313F /* Run Script - Carthage */,
				E33110E71EACAFBE00979C34 /* Run Script - R.swift */,
				E34FC54E1EAC8F8B00D9313F /* Sources */,
				E34FC54F1EAC8F8B00D9313F /* Frameworks */,
				E34FC5501EAC8F8B00D9313F /* Resources */,
				D838DF3F1387AE53494116A0 /* [CP] Embed Pods Frameworks */,
				9593B618571D273C84C539F6 /* [CP] Copy Pods Resources */,
				E34FC5861EAC92FA00D9313F /* Run Script - Settings.bundle */,
			);
			buildRules = (
			);
			dependencies = (
			);
			name = AppleDeviceHistory;
			productName = AppleDeviceHistory;
			productReference = E34FC5521EAC8F8B00D9313F /* AppleDeviceHistory.app */;
			productType = "com.apple.product-type.application";
		};
		E34FC5651EAC8F8B00D9313F /* AppleDeviceHistoryTests */ = {
			isa = PBXNativeTarget;
			buildConfigurationList = E34FC57D1EAC8F8B00D9313F /* Build configuration list for PBXNativeTarget "AppleDeviceHistoryTests" */;
			buildPhases = (
				E34FC5621EAC8F8B00D9313F /* Sources */,
				E34FC5631EAC8F8B00D9313F /* Frameworks */,
				E34FC5641EAC8F8B00D9313F /* Resources */,
			);
			buildRules = (
			);
			dependencies = (
				E34FC5681EAC8F8B00D9313F /* PBXTargetDependency */,
			);
			name = AppleDeviceHistoryTests;
			productName = AppleDeviceHistoryTests;
			productReference = E34FC5661EAC8F8B00D9313F /* AppleDeviceHistoryTests.xctest */;
			productType = "com.apple.product-type.bundle.unit-test";
		};
/* End PBXNativeTarget section */

/* Begin PBXProject section */
		E34FC54A1EAC8F8B00D9313F /* Project object */ = {
			isa = PBXProject;
			attributes = {
				LastSwiftUpdateCheck = 0830;
				LastUpgradeCheck = 0830;
				ORGANIZATIONNAME = star__hoshi;
				TargetAttributes = {
					E34FC5511EAC8F8B00D9313F = {
						CreatedOnToolsVersion = 8.3.1;
						DevelopmentTeam = 5J5Q4ZGXZR;
						ProvisioningStyle = Manual;
					};
					E34FC5651EAC8F8B00D9313F = {
						CreatedOnToolsVersion = 8.3.1;
						DevelopmentTeam = 5J5Q4ZGXZR;
						ProvisioningStyle = Automatic;
						TestTargetID = E34FC5511EAC8F8B00D9313F;
					};
				};
			};
			buildConfigurationList = E34FC54D1EAC8F8B00D9313F /* Build configuration list for PBXProject "AppleDeviceHistory" */;
			compatibilityVersion = "Xcode 3.2";
			developmentRegion = English;
			hasScannedForEncodings = 0;
			knownRegions = (
				en,
				Base,
			);
			mainGroup = E34FC5491EAC8F8B00D9313F;
			productRefGroup = E34FC5531EAC8F8B00D9313F /* Products */;
			projectDirPath = "";
			projectRoot = "";
			targets = (
				E34FC5511EAC8F8B00D9313F /* AppleDeviceHistory */,
				E34FC5651EAC8F8B00D9313F /* AppleDeviceHistoryTests */,
			);
		};
/* End PBXProject section */

/* Begin PBXResourcesBuildPhase section */
		E34FC5501EAC8F8B00D9313F /* Resources */ = {
			isa = PBXResourcesBuildPhase;
			buildActionMask = 2147483647;
			files = (
				E34FC5851EAC92AF00D9313F /* Settings.bundle in Resources */,
				E33110EF1EACD55B00979C34 /* DetailViewController.storyboard in Resources */,
				E33110EB1EACB0D400979C34 /* LaunchScreen.storyboard in Resources */,
				E33110E61EACAC8500979C34 /* ListTableViewCell.xib in Resources */,
				E34FC55D1EAC8F8B00D9313F /* Assets.xcassets in Resources */,
			);
			runOnlyForDeploymentPostprocessing = 0;
		};
		E34FC5641EAC8F8B00D9313F /* Resources */ = {
			isa = PBXResourcesBuildPhase;
			buildActionMask = 2147483647;
			files = (
			);
			runOnlyForDeploymentPostprocessing = 0;
		};
/* End PBXResourcesBuildPhase section */

/* Begin PBXShellScriptBuildPhase section */
		4882583D5550E7AE8299E948 /* [CP] Check Pods Manifest.lock */ = {
			isa = PBXShellScriptBuildPhase;
			buildActionMask = 2147483647;
			files = (
			);
			inputPaths = (
			);
			name = "[CP] Check Pods Manifest.lock";
			outputPaths = (
			);
			runOnlyForDeploymentPostprocessing = 0;
			shellPath = /bin/sh;
			shellScript = "diff \"${PODS_PODFILE_DIR_PATH}/Podfile.lock\" \"${PODS_ROOT}/Manifest.lock\" > /dev/null\nif [ $? != 0 ] ; then\n    # print error to STDERR\n    echo \"error: The sandbox is not in sync with the Podfile.lock. Run 'pod install' or update your CocoaPods installation.\" >&2\n    exit 1\nfi\n";
			showEnvVarsInLog = 0;
		};
		9593B618571D273C84C539F6 /* [CP] Copy Pods Resources */ = {
			isa = PBXShellScriptBuildPhase;
			buildActionMask = 2147483647;
			files = (
			);
			inputPaths = (
			);
			name = "[CP] Copy Pods Resources";
			outputPaths = (
			);
			runOnlyForDeploymentPostprocessing = 0;
			shellPath = /bin/sh;
			shellScript = "\"${SRCROOT}/Pods/Target Support Files/Pods-AppleDeviceHistory/Pods-AppleDeviceHistory-resources.sh\"\n";
			showEnvVarsInLog = 0;
		};
		D838DF3F1387AE53494116A0 /* [CP] Embed Pods Frameworks */ = {
			isa = PBXShellScriptBuildPhase;
			buildActionMask = 2147483647;
			files = (
			);
			inputPaths = (
			);
			name = "[CP] Embed Pods Frameworks";
			outputPaths = (
			);
			runOnlyForDeploymentPostprocessing = 0;
			shellPath = /bin/sh;
			shellScript = "\"${SRCROOT}/Pods/Target Support Files/Pods-AppleDeviceHistory/Pods-AppleDeviceHistory-frameworks.sh\"\n";
			showEnvVarsInLog = 0;
		};
		E33110E71EACAFBE00979C34 /* Run Script - R.swift */ = {
			isa = PBXShellScriptBuildPhase;
			buildActionMask = 2147483647;
			files = (
			);
			inputPaths = (
			);
			name = "Run Script - R.swift";
			outputPaths = (
			);
			runOnlyForDeploymentPostprocessing = 0;
			shellPath = /bin/sh;
			shellScript = "\"$PODS_ROOT/R.swift/rswift\" \"$SRCROOT/AppleDeviceHistory/Resources\"";
		};
		E34FC5861EAC92FA00D9313F /* Run Script - Settings.bundle */ = {
			isa = PBXShellScriptBuildPhase;
			buildActionMask = 2147483647;
			files = (
			);
			inputPaths = (
			);
			name = "Run Script - Settings.bundle";
			outputPaths = (
			);
			runOnlyForDeploymentPostprocessing = 0;
			shellPath = /bin/sh;
			shellScript = "APP_VERSION=$(/usr/libexec/PlistBuddy -c \"Print CFBundleShortVersionString\" $PRODUCT_SETTINGS_PATH)\n/usr/libexec/PlistBuddy -c \"Set :PreferenceSpecifiers:0:DefaultValue ${APP_VERSION}\" \"${BUILT_PRODUCTS_DIR}/${WRAPPER_NAME}/Settings.bundle/Root.plist\"\n\nBUILD_NUMBER=$(/usr/libexec/PlistBuddy -c \"Print CFBundleVersion\" $PRODUCT_SETTINGS_PATH)\n/usr/libexec/PlistBuddy -c \"Set :PreferenceSpecifiers:1:DefaultValue ${BUILD_NUMBER}\" \"${BUILT_PRODUCTS_DIR}/${WRAPPER_NAME}/Settings.bundle/Root.plist\"";
		};
		E34FC5871EAC975A00D9313F /* Run Script - Carthage */ = {
			isa = PBXShellScriptBuildPhase;
			buildActionMask = 2147483647;
			files = (
			);
			inputPaths = (
				"$(SRCROOT)/Carthage/Build/iOS/APIKit.framework",
				"$(SRCROOT)/Carthage/Build/iOS/Result.framework",
				"$(SRCROOT)/Carthage/Build/iOS/SwiftyUserDefaults.framework",
				"$(SRCROOT)/Carthage/Build/iOS/SVProgressHUD.framework",
				"$(SRCROOT)/Carthage/Build/iOS/SwiftDate.framework",
				"$(SRCROOT)/Carthage/Build/iOS/ObjectMapper.framework",
				"$(SRCROOT)/Carthage/Build/iOS/SnapKit.framework",
				"$(SRCROOT)/Carthage/Build/iOS/SwiftyBeaver.framework",
				"$(SRCROOT)/Carthage/Build/iOS/Device.framework",
				"$(SRCROOT)/Carthage/Build/iOS/RxDataSources.framework",
				"$(SRCROOT)/Carthage/Build/iOS/RxCocoa.framework",
				"$(SRCROOT)/Carthage/Build/iOS/RxSwift.framework",
				"$(SRCROOT)/Carthage/Build/iOS/Kingfisher.framework",
			);
			name = "Run Script - Carthage";
			outputPaths = (
			);
			runOnlyForDeploymentPostprocessing = 0;
			shellPath = /bin/sh;
			shellScript = "/usr/local/bin/carthage copy-frameworks";
		};
/* End PBXShellScriptBuildPhase section */

/* Begin PBXSourcesBuildPhase section */
		E34FC54E1EAC8F8B00D9313F /* Sources */ = {
			isa = PBXSourcesBuildPhase;
			buildActionMask = 2147483647;
			files = (
				E33110D51EAC9CB000979C34 /* AppleDevice.swift in Sources */,
				E33110D71EAC9CCA00979C34 /* AppleDeviceAPI.swift in Sources */,
				E33110F51EACE10F00979C34 /* Storyboardable.swift in Sources */,
				E34FC5581EAC8F8B00D9313F /* ListViewController.swift in Sources */,
				E33110F11EACD56D00979C34 /* DetailViewController.swift in Sources */,
				E33110D31EAC9C6000979C34 /* DeviceType+Ex.swift in Sources */,
				E34FC5561EAC8F8B00D9313F /* AppDelegate.swift in Sources */,
				E33110F31EACE0FC00979C34 /* NSObjectProtocol+Ex.swift in Sources */,
				E33110CF1EAC9C2B00979C34 /* Log.swift in Sources */,
				E33110DB1EAC9D5800979C34 /* AppleDeviceList.swift in Sources */,
				E33110D91EAC9CDD00979C34 /* AppleDeviceRequest.swift in Sources */,
				E33110D11EAC9C4E00979C34 /* DeviceVersion+Ex.swift in Sources */,
				E33110E91EACB00C00979C34 /* R.generated.swift in Sources */,
				E33110E51EACAC8500979C34 /* ListTableViewCell.swift in Sources */,
			);
			runOnlyForDeploymentPostprocessing = 0;
		};
		E34FC5621EAC8F8B00D9313F /* Sources */ = {
			isa = PBXSourcesBuildPhase;
			buildActionMask = 2147483647;
			files = (
				E34FC56B1EAC8F8B00D9313F /* AppleDeviceHistoryTests.swift in Sources */,
			);
			runOnlyForDeploymentPostprocessing = 0;
		};
/* End PBXSourcesBuildPhase section */

/* Begin PBXTargetDependency section */
		E34FC5681EAC8F8B00D9313F /* PBXTargetDependency */ = {
			isa = PBXTargetDependency;
			target = E34FC5511EAC8F8B00D9313F /* AppleDeviceHistory */;
			targetProxy = E34FC5671EAC8F8B00D9313F /* PBXContainerItemProxy */;
		};
/* End PBXTargetDependency section */

/* Begin XCBuildConfiguration section */
		E34FC5781EAC8F8B00D9313F /* Debug */ = {
			isa = XCBuildConfiguration;
			buildSettings = {
				ALWAYS_SEARCH_USER_PATHS = NO;
				CLANG_ANALYZER_NONNULL = YES;
				CLANG_ANALYZER_NUMBER_OBJECT_CONVERSION = YES_AGGRESSIVE;
				CLANG_CXX_LANGUAGE_STANDARD = "gnu++0x";
				CLANG_CXX_LIBRARY = "libc++";
				CLANG_ENABLE_MODULES = YES;
				CLANG_ENABLE_OBJC_ARC = YES;
				CLANG_WARN_BOOL_CONVERSION = YES;
				CLANG_WARN_CONSTANT_CONVERSION = YES;
				CLANG_WARN_DIRECT_OBJC_ISA_USAGE = YES_ERROR;
				CLANG_WARN_DOCUMENTATION_COMMENTS = YES;
				CLANG_WARN_EMPTY_BODY = YES;
				CLANG_WARN_ENUM_CONVERSION = YES;
				CLANG_WARN_INFINITE_RECURSION = YES;
				CLANG_WARN_INT_CONVERSION = YES;
				CLANG_WARN_OBJC_ROOT_CLASS = YES_ERROR;
				CLANG_WARN_SUSPICIOUS_MOVE = YES;
				CLANG_WARN_UNREACHABLE_CODE = YES;
				CLANG_WARN__DUPLICATE_METHOD_MATCH = YES;
				"CODE_SIGN_IDENTITY[sdk=iphoneos*]" = "iPhone Developer";
				COPY_PHASE_STRIP = NO;
				CURRENT_PROJECT_VERSION = 1;
				DEBUG_INFORMATION_FORMAT = dwarf;
				ENABLE_STRICT_OBJC_MSGSEND = YES;
				ENABLE_TESTABILITY = YES;
				GCC_C_LANGUAGE_STANDARD = gnu99;
				GCC_DYNAMIC_NO_PIC = NO;
				GCC_NO_COMMON_BLOCKS = YES;
				GCC_OPTIMIZATION_LEVEL = 0;
				GCC_PREPROCESSOR_DEFINITIONS = (
					"DEBUG=1",
					"$(inherited)",
				);
				GCC_WARN_64_TO_32_BIT_CONVERSION = YES;
				GCC_WARN_ABOUT_RETURN_TYPE = YES_ERROR;
				GCC_WARN_UNDECLARED_SELECTOR = YES;
				GCC_WARN_UNINITIALIZED_AUTOS = YES_AGGRESSIVE;
				GCC_WARN_UNUSED_FUNCTION = YES;
				GCC_WARN_UNUSED_VARIABLE = YES;
				IPHONEOS_DEPLOYMENT_TARGET = 8.0;
				MTL_ENABLE_DEBUG_INFO = YES;
				ONLY_ACTIVE_ARCH = YES;
				SDKROOT = iphoneos;
				SWIFT_ACTIVE_COMPILATION_CONDITIONS = DEBUG;
				SWIFT_OPTIMIZATION_LEVEL = "-Onone";
				VERSIONING_SYSTEM = "apple-generic";
			};
			name = Debug;
		};
		E34FC5791EAC8F8B00D9313F /* Release */ = {
			isa = XCBuildConfiguration;
			buildSettings = {
				ALWAYS_SEARCH_USER_PATHS = NO;
				CLANG_ANALYZER_NONNULL = YES;
				CLANG_ANALYZER_NUMBER_OBJECT_CONVERSION = YES_AGGRESSIVE;
				CLANG_CXX_LANGUAGE_STANDARD = "gnu++0x";
				CLANG_CXX_LIBRARY = "libc++";
				CLANG_ENABLE_MODULES = YES;
				CLANG_ENABLE_OBJC_ARC = YES;
				CLANG_WARN_BOOL_CONVERSION = YES;
				CLANG_WARN_CONSTANT_CONVERSION = YES;
				CLANG_WARN_DIRECT_OBJC_ISA_USAGE = YES_ERROR;
				CLANG_WARN_DOCUMENTATION_COMMENTS = YES;
				CLANG_WARN_EMPTY_BODY = YES;
				CLANG_WARN_ENUM_CONVERSION = YES;
				CLANG_WARN_INFINITE_RECURSION = YES;
				CLANG_WARN_INT_CONVERSION = YES;
				CLANG_WARN_OBJC_ROOT_CLASS = YES_ERROR;
				CLANG_WARN_SUSPICIOUS_MOVE = YES;
				CLANG_WARN_UNREACHABLE_CODE = YES;
				CLANG_WARN__DUPLICATE_METHOD_MATCH = YES;
				"CODE_SIGN_IDENTITY[sdk=iphoneos*]" = "iPhone Developer";
				COPY_PHASE_STRIP = NO;
				CURRENT_PROJECT_VERSION = 1;
				DEBUG_INFORMATION_FORMAT = "dwarf-with-dsym";
				ENABLE_NS_ASSERTIONS = NO;
				ENABLE_STRICT_OBJC_MSGSEND = YES;
				GCC_C_LANGUAGE_STANDARD = gnu99;
				GCC_NO_COMMON_BLOCKS = YES;
				GCC_WARN_64_TO_32_BIT_CONVERSION = YES;
				GCC_WARN_ABOUT_RETURN_TYPE = YES_ERROR;
				GCC_WARN_UNDECLARED_SELECTOR = YES;
				GCC_WARN_UNINITIALIZED_AUTOS = YES_AGGRESSIVE;
				GCC_WARN_UNUSED_FUNCTION = YES;
				GCC_WARN_UNUSED_VARIABLE = YES;
				IPHONEOS_DEPLOYMENT_TARGET = 8.0;
				MTL_ENABLE_DEBUG_INFO = NO;
				SDKROOT = iphoneos;
				SWIFT_OPTIMIZATION_LEVEL = "-Owholemodule";
				VALIDATE_PRODUCT = YES;
				VERSIONING_SYSTEM = "apple-generic";
			};
			name = Release;
		};
		E34FC57B1EAC8F8B00D9313F /* Debug */ = {
			isa = XCBuildConfiguration;
			baseConfigurationReference = C94079D339B94AD10F9F502E /* Pods-AppleDeviceHistory.debug.xcconfig */;
			buildSettings = {
				ASSETCATALOG_COMPILER_APPICON_NAME = AppIcon;
				CURRENT_PROJECT_VERSION = 1;
				DEVELOPMENT_TEAM = 5J5Q4ZGXZR;
				FRAMEWORK_SEARCH_PATHS = (
					"$(inherited)",
					"$(PROJECT_DIR)/Carthage/Build/iOS",
				);
				INFOPLIST_FILE = AppleDeviceHistory/Resources/Info.plist;
				IPHONEOS_DEPLOYMENT_TARGET = 8.0;
				LD_RUNPATH_SEARCH_PATHS = "$(inherited) @executable_path/Frameworks";
				PRODUCT_BUNDLE_IDENTIFIER = com.starhoshi.AppleDeviceHistory;
				PRODUCT_NAME = "$(TARGET_NAME)";
				PROVISIONING_PROFILE = "723a17ba-0369-4c46-8395-a98282f1cf9d";
				PROVISIONING_PROFILE_SPECIFIER = "match Development com.starhoshi.AppleDeviceHistory";
				SWIFT_VERSION = 3.0;
				VERSIONING_SYSTEM = "apple-generic";
			};
			name = Debug;
		};
		E34FC57C1EAC8F8B00D9313F /* Release */ = {
			isa = XCBuildConfiguration;
			baseConfigurationReference = 8E5DF995BA1C65466693D70E /* Pods-AppleDeviceHistory.release.xcconfig */;
			buildSettings = {
				ASSETCATALOG_COMPILER_APPICON_NAME = AppIcon;
				"CODE_SIGN_IDENTITY[sdk=iphoneos*]" = "iPhone Distribution";
				CURRENT_PROJECT_VERSION = 1;
				DEVELOPMENT_TEAM = 5J5Q4ZGXZR;
				FRAMEWORK_SEARCH_PATHS = (
					"$(inherited)",
					"$(PROJECT_DIR)/Carthage/Build/iOS",
				);
				INFOPLIST_FILE = AppleDeviceHistory/Resources/Info.plist;
				IPHONEOS_DEPLOYMENT_TARGET = 8.0;
				LD_RUNPATH_SEARCH_PATHS = "$(inherited) @executable_path/Frameworks";
				PRODUCT_BUNDLE_IDENTIFIER = com.starhoshi.AppleDeviceHistory;
				PRODUCT_NAME = "$(TARGET_NAME)";
				PROVISIONING_PROFILE = "408b3f34-04f5-45b2-91d4-858e48d6f3d1";
				PROVISIONING_PROFILE_SPECIFIER = "match AppStore com.starhoshi.AppleDeviceHistory";
				SWIFT_VERSION = 3.0;
				VERSIONING_SYSTEM = "apple-generic";
			};
			name = Release;
		};
		E34FC57E1EAC8F8B00D9313F /* Debug */ = {
			isa = XCBuildConfiguration;
			buildSettings = {
				ALWAYS_EMBED_SWIFT_STANDARD_LIBRARIES = YES;
				BUNDLE_LOADER = "$(TEST_HOST)";
				CURRENT_PROJECT_VERSION = 1;
				DEVELOPMENT_TEAM = 5J5Q4ZGXZR;
				INFOPLIST_FILE = AppleDeviceHistoryTests/Info.plist;
				LD_RUNPATH_SEARCH_PATHS = "$(inherited) @executable_path/Frameworks @loader_path/Frameworks";
				PRODUCT_BUNDLE_IDENTIFIER = com.starhoshi.AppleDeviceHistoryTests;
				PRODUCT_NAME = "$(TARGET_NAME)";
				SWIFT_VERSION = 3.0;
				TEST_HOST = "$(BUILT_PRODUCTS_DIR)/AppleDeviceHistory.app/AppleDeviceHistory";
				VERSIONING_SYSTEM = "apple-generic";
			};
			name = Debug;
		};
		E34FC57F1EAC8F8B00D9313F /* Release */ = {
			isa = XCBuildConfiguration;
			buildSettings = {
				ALWAYS_EMBED_SWIFT_STANDARD_LIBRARIES = YES;
				BUNDLE_LOADER = "$(TEST_HOST)";
				CURRENT_PROJECT_VERSION = 1;
				DEVELOPMENT_TEAM = 5J5Q4ZGXZR;
				INFOPLIST_FILE = AppleDeviceHistoryTests/Info.plist;
				LD_RUNPATH_SEARCH_PATHS = "$(inherited) @executable_path/Frameworks @loader_path/Frameworks";
				PRODUCT_BUNDLE_IDENTIFIER = com.starhoshi.AppleDeviceHistoryTests;
				PRODUCT_NAME = "$(TARGET_NAME)";
				SWIFT_VERSION = 3.0;
				TEST_HOST = "$(BUILT_PRODUCTS_DIR)/AppleDeviceHistory.app/AppleDeviceHistory";
				VERSIONING_SYSTEM = "apple-generic";
			};
			name = Release;
		};
/* End XCBuildConfiguration section */

/* Begin XCConfigurationList section */
		E34FC54D1EAC8F8B00D9313F /* Build configuration list for PBXProject "AppleDeviceHistory" */ = {
			isa = XCConfigurationList;
			buildConfigurations = (
				E34FC5781EAC8F8B00D9313F /* Debug */,
				E34FC5791EAC8F8B00D9313F /* Release */,
			);
			defaultConfigurationIsVisible = 0;
			defaultConfigurationName = Release;
		};
		E34FC57A1EAC8F8B00D9313F /* Build configuration list for PBXNativeTarget "AppleDeviceHistory" */ = {
			isa = XCConfigurationList;
			buildConfigurations = (
				E34FC57B1EAC8F8B00D9313F /* Debug */,
				E34FC57C1EAC8F8B00D9313F /* Release */,
			);
			defaultConfigurationIsVisible = 0;
			defaultConfigurationName = Release;
		};
		E34FC57D1EAC8F8B00D9313F /* Build configuration list for PBXNativeTarget "AppleDeviceHistoryTests" */ = {
			isa = XCConfigurationList;
			buildConfigurations = (
				E34FC57E1EAC8F8B00D9313F /* Debug */,
				E34FC57F1EAC8F8B00D9313F /* Release */,
			);
			defaultConfigurationIsVisible = 0;
			defaultConfigurationName = Release;
		};
/* End XCConfigurationList section */
	};
	rootObject = E34FC54A1EAC8F8B00D9313F /* Project object */;
}
